{
  "requires": true,
  "lockfileVersion": 1,
  "dependencies": {
    "bootstrap": {
      "version": "5.0.0-beta1",
      "resolved": "https://registry.npmjs.org/bootstrap/-/bootstrap-5.0.0-beta1.tgz",
      "integrity": "sha512-UrHApw/WRmT7l2rlDdn5iXr7Jps/LlMZtJlLn9G41aGDfss48hyDeYyHtX1C6NHKVcmdUarGG+ve0LZB5iHyTQ=="
    },
    "popper.js": {
      "version": "1.12.3",
      "resolved": "https://registry.npmjs.org/popper.js/-/popper.js-1.12.3.tgz",
      "integrity": "sha512-yeccDWm2ZYbygDVKJxkyMkwjsDAP5/AROns/nN4ofdMghouyHzu4p3r27nkRGAcQXSYZJ+dqgKug6viAhszfUg=="
    }
  }
}
